version=v0.6.0
commit=029b60fbbfcae34387bc54f9ee186907db8a2e0f
aarch64-apple-darwin=6a980efebfaf266685ef5592cb531acd4a43e7a17653827f684fe098c10812bb
x86_64-apple-darwin=72309c5d7d213fb155b581b4c2255b6cfe8ea6fe9a3cc7c97ed00fb09ec9a5b3
aarch64-unknown-linux-gnu=22c9e2de5364c214f74bed090e52cb6d89cad4f890abb3e661a69d137c766788
x86_64-unknown-linux-gnu=6c34f95649a7ea4cb89d20b8cd5588778342e73ded8759ac8245cf45b550dfbd
