version=v0.8.0
commit=d5895a224a4dff72afc29a4088dc1d171e675b21
aarch64-apple-darwin=a56e9299d77a362236c69d1e55f218cdb823ac163022b444419f690562537a08
x86_64-apple-darwin=8b5c6d7e51ce5b38f5b47013eb477654f38c3c9edec702cb73da375e3f9150aa
aarch64-unknown-linux-gnu=b4a92dfad65db0c58cc96f63d63c48620f60e998a89703980365445cb6f8783c
x86_64-unknown-linux-gnu=5f6f05048615e72eecca09081c067a44f02f355afd3547250ef13fe51aff5646
