# The RHINO release this repository's gates run, pinned by identity and by the
# digest of every archive the release publishes.
#
# Both halves matter. The digest proves the bytes are the ones that were
# published; the commit proves those bytes were built from the source this pin
# names, so a correctly checksummed archive from some other build still cannot
# stand in. The bootstrap verifies both before it will execute anything.
#
# A correction ships as a new pin, never as an edit to what a published tag
# resolved to.
version=v0.3.0-rc.3
commit=9872bf4ce0c2443f23350de916283eaf822ad850
aarch64-apple-darwin=b878e40102ad79f98ea3ff9bf2e0ff1a2bc52d2dbae00a22d5f5b8ac3a923a55
aarch64-unknown-linux-gnu=93865d9dc3413fa9b2f466c5b9a1002154c0c60b2693884bf6e457c8249c1cff
x86_64-apple-darwin=213fa4399264927803947fd0973fb0d81bca1075e12e03a8a72582c68b427a15
x86_64-unknown-linux-gnu=ca6ec595bf7c004e7087e2de3d4c7da2a4becfa10ab0d4bd40d1afdcf4ea4437
